
Microsoft Visual Studio Solution File, Format Version 12.00
# Visual Studio Version 17
VisualStudioVersion = 17.10.35004.147
MinimumVisualStudioVersion = 10.0.40219.1
Project("{9A19103F-16F7-4668-BE54-9A1E7A4F7556}") = "CSharp15.3", "CSharp15.3.csproj", "{ED28BEA5-7F97-4C77-9BD4-9A2D6AEF9B6E}"
EndProject
Global
	GlobalSection(SolutionConfigurationPlatforms) = preSolution
		Debug|Any CPU = Debug|Any CPU
		Release|Any CPU = Release|Any CPU
	EndGlobalSection
	GlobalSection(ProjectConfigurationPlatforms) = postSolution
		{ED28BEA5-7F97-4C77-9BD4-9A2D6AEF9B6E}.Debug|Any CPU.ActiveCfg = Debug|Any CPU
		{ED28BEA5-7F97-4C77-9BD4-9A2D6AEF9B6E}.Debug|Any CPU.Build.0 = Debug|Any CPU
		{ED28BEA5-7F97-4C77-9BD4-9A2D6AEF9B6E}.Release|Any CPU.ActiveCfg = Release|Any CPU
		{ED28BEA5-7F97-4C77-9BD4-9A2D6AEF9B6E}.Release|Any CPU.Build.0 = Release|Any CPU
	EndGlobalSection
	GlobalSection(SolutionProperties) = preSolution
		HideSolutionNode = FALSE
	EndGlobalSection
	GlobalSection(ExtensibilityGlobals) = postSolution
		SolutionGuid = {5B3A98B7-D6CB-4373-BA42-4B94F46725B5}
	EndGlobalSection
EndGlobal
